
Microsoft Visual Studio Solution File, Format Version 12.00
# Visual Studio Version 16
VisualStudioVersion = 16.0.30128.74
MinimumVisualStudioVersion = 10.0.40219.1
Project("{FAE04EC0-301F-11D3-BF4B-00C04F79EFBC}") = "Eventz.API", "Eventz.API\Eventz.API.csproj", "{3E9CA9AF-C523-4CEC-AE82-56E2ACF289C5}"
EndProject
Project("{FAE04EC0-301F-11D3-BF4B-00C04F79EFBC}") = "Eventz.BLL", "Eventz.BLL\Eventz.BLL.csproj", "{BFA24CD3-64DE-4DD9-A527-322DFC1AFF0E}"
EndProject
Project("{FAE04EC0-301F-11D3-BF4B-00C04F79EFBC}") = "Eventz.DAL", "Eventz.DAL\Eventz.DAL.csproj", "{49520E63-67BD-4EF6-923B-9730C3188E55}"
EndProject
Global
	GlobalSection(SolutionConfigurationPlatforms) = preSolution
		Debug|Any CPU = Debug|Any CPU
		Release|Any CPU = Release|Any CPU
	EndGlobalSection
	GlobalSection(ProjectConfigurationPlatforms) = postSolution
		{3E9CA9AF-C523-4CEC-AE82-56E2ACF289C5}.Debug|Any CPU.ActiveCfg = Debug|Any CPU
		{3E9CA9AF-C523-4CEC-AE82-56E2ACF289C5}.Debug|Any CPU.Build.0 = Debug|Any CPU
		{3E9CA9AF-C523-4CEC-AE82-56E2ACF289C5}.Release|Any CPU.ActiveCfg = Release|Any CPU
		{3E9CA9AF-C523-4CEC-AE82-56E2ACF289C5}.Release|Any CPU.Build.0 = Release|Any CPU
		{BFA24CD3-64DE-4DD9-A527-322DFC1AFF0E}.Debug|Any CPU.ActiveCfg = Debug|Any CPU
		{BFA24CD3-64DE-4DD9-A527-322DFC1AFF0E}.Debug|Any CPU.Build.0 = Debug|Any CPU
		{BFA24CD3-64DE-4DD9-A527-322DFC1AFF0E}.Release|Any CPU.ActiveCfg = Release|Any CPU
		{BFA24CD3-64DE-4DD9-A527-322DFC1AFF0E}.Release|Any CPU.Build.0 = Release|Any CPU
		{49520E63-67BD-4EF6-923B-9730C3188E55}.Debug|Any CPU.ActiveCfg = Debug|Any CPU
		{49520E63-67BD-4EF6-923B-9730C3188E55}.Debug|Any CPU.Build.0 = Debug|Any CPU
		{49520E63-67BD-4EF6-923B-9730C3188E55}.Release|Any CPU.ActiveCfg = Release|Any CPU
		{49520E63-67BD-4EF6-923B-9730C3188E55}.Release|Any CPU.Build.0 = Release|Any CPU
	EndGlobalSection
	GlobalSection(SolutionProperties) = preSolution
		HideSolutionNode = FALSE
	EndGlobalSection
	GlobalSection(ExtensibilityGlobals) = postSolution
		SolutionGuid = {22D5D87F-7918-4784-9635-7D8DD3C09144}
	EndGlobalSection
EndGlobal
